
Microsoft Visual Studio Solution File, Format Version 12.00
# Visual Studio Version 17
VisualStudioVersion = 17.11.35222.181
MinimumVisualStudioVersion = 10.0.40219.1
Project("{9A19103F-16F7-4668-BE54-9A1E7A4F7556}") = "FoodyWeb", "FoodyWeb\FoodyWeb.csproj", "{59803F20-6FD7-4E23-BC0F-819EB2403AB2}"
EndProject
Project("{9A19103F-16F7-4668-BE54-9A1E7A4F7556}") = "Foody.DataAccess", "Foody.DataAccess\Foody.DataAccess.csproj", "{A078A6FA-4EB1-477A-9DE2-90031A8D61F5}"
EndProject
Project("{9A19103F-16F7-4668-BE54-9A1E7A4F7556}") = "Foody.utility", "Foody.utility\Foody.utility.csproj", "{EB6F1120-105A-4B0A-8D61-1FE339474FAD}"
EndProject
Project("{9A19103F-16F7-4668-BE54-9A1E7A4F7556}") = "Foody.Models", "Foody.Models\Foody.Models.csproj", "{45DD2A9E-11CB-483F-9412-9BEB7810B5C8}"
EndProject
Global
	GlobalSection(SolutionConfigurationPlatforms) = preSolution
		Debug|Any CPU = Debug|Any CPU
		Release|Any CPU = Release|Any CPU
	EndGlobalSection
	GlobalSection(ProjectConfigurationPlatforms) = postSolution
		{59803F20-6FD7-4E23-BC0F-819EB2403AB2}.Debug|Any CPU.ActiveCfg = Debug|Any CPU
		{59803F20-6FD7-4E23-BC0F-819EB2403AB2}.Debug|Any CPU.Build.0 = Debug|Any CPU
		{59803F20-6FD7-4E23-BC0F-819EB2403AB2}.Release|Any CPU.ActiveCfg = Release|Any CPU
		{59803F20-6FD7-4E23-BC0F-819EB2403AB2}.Release|Any CPU.Build.0 = Release|Any CPU
		{A078A6FA-4EB1-477A-9DE2-90031A8D61F5}.Debug|Any CPU.ActiveCfg = Debug|Any CPU
		{A078A6FA-4EB1-477A-9DE2-90031A8D61F5}.Debug|Any CPU.Build.0 = Debug|Any CPU
		{A078A6FA-4EB1-477A-9DE2-90031A8D61F5}.Release|Any CPU.ActiveCfg = Release|Any CPU
		{A078A6FA-4EB1-477A-9DE2-90031A8D61F5}.Release|Any CPU.Build.0 = Release|Any CPU
		{EB6F1120-105A-4B0A-8D61-1FE339474FAD}.Debug|Any CPU.ActiveCfg = Debug|Any CPU
		{EB6F1120-105A-4B0A-8D61-1FE339474FAD}.Debug|Any CPU.Build.0 = Debug|Any CPU
		{EB6F1120-105A-4B0A-8D61-1FE339474FAD}.Release|Any CPU.ActiveCfg = Release|Any CPU
		{EB6F1120-105A-4B0A-8D61-1FE339474FAD}.Release|Any CPU.Build.0 = Release|Any CPU
		{45DD2A9E-11CB-483F-9412-9BEB7810B5C8}.Debug|Any CPU.ActiveCfg = Debug|Any CPU
		{45DD2A9E-11CB-483F-9412-9BEB7810B5C8}.Debug|Any CPU.Build.0 = Debug|Any CPU
		{45DD2A9E-11CB-483F-9412-9BEB7810B5C8}.Release|Any CPU.ActiveCfg = Release|Any CPU
		{45DD2A9E-11CB-483F-9412-9BEB7810B5C8}.Release|Any CPU.Build.0 = Release|Any CPU
	EndGlobalSection
	GlobalSection(SolutionProperties) = preSolution
		HideSolutionNode = FALSE
	EndGlobalSection
	GlobalSection(ExtensibilityGlobals) = postSolution
		SolutionGuid = {39660391-DDAB-4E90-8CF6-9AAD56163E4E}
	EndGlobalSection
EndGlobal
